{
  "nodes": {
    "haskell-backend": {
      "flake": false,
      "locked": {
        "lastModified": 1637011223,
        "narHash": "sha256-qOyX0QvlLeEsmQj9zASoQwpG3b5nlYPcjbPwML25U8c=",
        "ref": "master",
        "rev": "95e53961ffb48f924fc64104b1af21cd2da37644",
        "revCount": 3743,
        "submodules": true,
        "type": "git",
        "url": "https://github.com/nrdxp/kore"
      },
      "original": {
        "submodules": true,
        "type": "git",
        "url": "https://github.com/nrdxp/kore"
      }
    },
    "k-web-theme": {
      "flake": false,
      "locked": {
        "lastModified": 1628512103,
        "narHash": "sha256-i8RUJ7x918KFbldAL2kxj+/uuRrhljfeGchEKeRhoDw=",
        "rev": "189fe6650488f8f04dc89d25a61cdfd888cd9dd8",
        "revCount": 15,
        "submodules": true,
        "type": "git",
        "url": "https://github.com/runtimeverification/k-web-theme"
      },
      "original": {
        "rev": "189fe6650488f8f04dc89d25a61cdfd888cd9dd8",
        "submodules": true,
        "type": "git",
        "url": "https://github.com/runtimeverification/k-web-theme"
      }
    },
    "llvm-backend": {
      "flake": false,
      "locked": {
        "lastModified": 1629149797,
        "narHash": "sha256-mFHKbcxu0JacTUOjvu2CPdEIAa478DPMbi/f6Yrkh0o=",
        "rev": "dc7eebd37782204e1988483269a34a70bf1a697c",
        "revCount": 351,
        "submodules": true,
        "type": "git",
        "url": "https://github.com/kreisys/llvm-backend"
      },
      "original": {
        "rev": "dc7eebd37782204e1988483269a34a70bf1a697c",
        "submodules": true,
        "type": "git",
        "url": "https://github.com/kreisys/llvm-backend"
      }
    },
    "nixpkgs": {
      "locked": {
        "lastModified": 1605269894,
        "narHash": "sha256-1mGM9XVw0XLGLP5HPA7o+/ahHO0vXIZEr31L/9IHi0I=",
        "owner": "NixOS",
        "repo": "nixpkgs",
        "rev": "16b3b1eef03e6fb8211b095079aba5059f26081e",
        "type": "github"
      },
      "original": {
        "owner": "NixOS",
        "repo": "nixpkgs",
        "rev": "16b3b1eef03e6fb8211b095079aba5059f26081e",
        "type": "github"
      }
    },
    "root": {
      "inputs": {
        "haskell-backend": "haskell-backend",
        "k-web-theme": "k-web-theme",
        "llvm-backend": "llvm-backend",
        "nixpkgs": "nixpkgs",
        "utils": "utils"
      }
    },
    "utils": {
      "locked": {
        "lastModified": 1628100524,
        "narHash": "sha256-vqI3p9fNj0C4ykTwMjryztszLHq9YU7AUkRJ9BK7rpE=",
        "owner": "kreisys",
        "repo": "flake-utils",
        "rev": "7e5e32b9b20e6091adf27d7cdb1e0a0578b6f4f6",
        "type": "github"
      },
      "original": {
        "owner": "kreisys",
        "repo": "flake-utils",
        "type": "github"
      }
    }
  },
  "root": "root",
  "version": 7
}
